
Microsoft Visual Studio Solution File, Format Version 12.00
# Visual Studio Version 17
VisualStudioVersion = 17.14.36915.13
MinimumVisualStudioVersion = 10.0.40219.1
Project("{FAE04EC0-301F-11D3-BF4B-00C04F79EFBC}") = "ICMarket.API", "src\API\ICMarket.API.csproj", "{B742626A-5EAE-48EA-816B-DF7B5A6AC14D}"
EndProject
Project("{FAE04EC0-301F-11D3-BF4B-00C04F79EFBC}") = "ICMarket.Domain", "src\Domain\ICMarket.Domain.csproj", "{8B617F66-566C-4F86-9ACE-0C0316D4E05D}"
EndProject
Project("{FAE04EC0-301F-11D3-BF4B-00C04F79EFBC}") = "ICMarket.Application", "src\Application\ICMarket.Application.csproj", "{07D98136-138D-4915-A22E-317B53C60213}"
EndProject
Project("{FAE04EC0-301F-11D3-BF4B-00C04F79EFBC}") = "ICMarket.Infrastructure", "src\Infrastructure\ICMarket.Infrastructure.csproj", "{34CB4C9C-369B-4E49-8894-17A0E56D87F9}"
EndProject
Project("{FAE04EC0-301F-11D3-BF4B-00C04F79EFBC}") = "ICMarket.UnitTests", "tests\ICMarket.UnitTests\ICMarket.UnitTests.csproj", "{79A398E0-F6D8-42F8-9944-7139BAE3F761}"
EndProject
Project("{2150E333-8FDC-42A3-9474-1A3956D46DE8}") = "src", "src", "{827E0CD3-B72D-47B6-A68D-7590B98EB39B}"
EndProject
Project("{2150E333-8FDC-42A3-9474-1A3956D46DE8}") = "Common", "Common", "{BFF2DF6E-AA54-47C7-211F-79ACCBB4577C}"
EndProject
Project("{FAE04EC0-301F-11D3-BF4B-00C04F79EFBC}") = "ICMarket.Common", "src\Common\ICMarket.Common.csproj", "{2D4DD4AF-4EB3-417D-95A9-065D0E274BC5}"
EndProject
Project("{2150E333-8FDC-42A3-9474-1A3956D46DE8}") = "tests", "tests", "{02EA681E-C7D8-13C7-8484-4AC65E1B71E8}"
EndProject
Project("{FAE04EC0-301F-11D3-BF4B-00C04F79EFBC}") = "ICMarket.FunctionalTests", "tests\ICMarket.FunctionalTests\ICMarket.FunctionalTests.csproj", "{1C0A11EF-9328-4125-8371-22F31162FE23}"
EndProject
Project("{FAE04EC0-301F-11D3-BF4B-00C04F79EFBC}") = "ICMarket.IntegrationTests", "tests\ICMarket.IntegrationTests\ICMarket.IntegrationTests.csproj", "{B3BF0D8B-BE4F-41A7-8A3A-DEA8467C956A}"
EndProject
Global
	GlobalSection(SolutionConfigurationPlatforms) = preSolution
		Debug|Any CPU = Debug|Any CPU
		Debug|x64 = Debug|x64
		Debug|x86 = Debug|x86
		Release|Any CPU = Release|Any CPU
		Release|x64 = Release|x64
		Release|x86 = Release|x86
	EndGlobalSection
	GlobalSection(ProjectConfigurationPlatforms) = postSolution
		{B742626A-5EAE-48EA-816B-DF7B5A6AC14D}.Debug|Any CPU.ActiveCfg = Debug|Any CPU
		{B742626A-5EAE-48EA-816B-DF7B5A6AC14D}.Debug|Any CPU.Build.0 = Debug|Any CPU
		{B742626A-5EAE-48EA-816B-DF7B5A6AC14D}.Debug|x64.ActiveCfg = Debug|Any CPU
		{B742626A-5EAE-48EA-816B-DF7B5A6AC14D}.Debug|x64.Build.0 = Debug|Any CPU
		{B742626A-5EAE-48EA-816B-DF7B5A6AC14D}.Debug|x86.ActiveCfg = Debug|Any CPU
		{B742626A-5EAE-48EA-816B-DF7B5A6AC14D}.Debug|x86.Build.0 = Debug|Any CPU
		{B742626A-5EAE-48EA-816B-DF7B5A6AC14D}.Release|Any CPU.ActiveCfg = Release|Any CPU
		{B742626A-5EAE-48EA-816B-DF7B5A6AC14D}.Release|Any CPU.Build.0 = Release|Any CPU
		{B742626A-5EAE-48EA-816B-DF7B5A6AC14D}.Release|x64.ActiveCfg = Release|Any CPU
		{B742626A-5EAE-48EA-816B-DF7B5A6AC14D}.Release|x64.Build.0 = Release|Any CPU
		{B742626A-5EAE-48EA-816B-DF7B5A6AC14D}.Release|x86.ActiveCfg = Release|Any CPU
		{B742626A-5EAE-48EA-816B-DF7B5A6AC14D}.Release|x86.Build.0 = Release|Any CPU
		{8B617F66-566C-4F86-9ACE-0C0316D4E05D}.Debug|Any CPU.ActiveCfg = Debug|Any CPU
		{8B617F66-566C-4F86-9ACE-0C0316D4E05D}.Debug|Any CPU.Build.0 = Debug|Any CPU
		{8B617F66-566C-4F86-9ACE-0C0316D4E05D}.Debug|x64.ActiveCfg = Debug|Any CPU
		{8B617F66-566C-4F86-9ACE-0C0316D4E05D}.Debug|x64.Build.0 = Debug|Any CPU
		{8B617F66-566C-4F86-9ACE-0C0316D4E05D}.Debug|x86.ActiveCfg = Debug|Any CPU
		{8B617F66-566C-4F86-9ACE-0C0316D4E05D}.Debug|x86.Build.0 = Debug|Any CPU
		{8B617F66-566C-4F86-9ACE-0C0316D4E05D}.Release|Any CPU.ActiveCfg = Release|Any CPU
		{8B617F66-566C-4F86-9ACE-0C0316D4E05D}.Release|Any CPU.Build.0 = Release|Any CPU
		{8B617F66-566C-4F86-9ACE-0C0316D4E05D}.Release|x64.ActiveCfg = Release|Any CPU
		{8B617F66-566C-4F86-9ACE-0C0316D4E05D}.Release|x64.Build.0 = Release|Any CPU
		{8B617F66-566C-4F86-9ACE-0C0316D4E05D}.Release|x86.ActiveCfg = Release|Any CPU
		{8B617F66-566C-4F86-9ACE-0C0316D4E05D}.Release|x86.Build.0 = Release|Any CPU
		{07D98136-138D-4915-A22E-317B53C60213}.Debug|Any CPU.ActiveCfg = Debug|Any CPU
		{07D98136-138D-4915-A22E-317B53C60213}.Debug|Any CPU.Build.0 = Debug|Any CPU
		{07D98136-138D-4915-A22E-317B53C60213}.Debug|x64.ActiveCfg = Debug|Any CPU
		{07D98136-138D-4915-A22E-317B53C60213}.Debug|x64.Build.0 = Debug|Any CPU
		{07D98136-138D-4915-A22E-317B53C60213}.Debug|x86.ActiveCfg = Debug|Any CPU
		{07D98136-138D-4915-A22E-317B53C60213}.Debug|x86.Build.0 = Debug|Any CPU
		{07D98136-138D-4915-A22E-317B53C60213}.Release|Any CPU.ActiveCfg = Release|Any CPU
		{07D98136-138D-4915-A22E-317B53C60213}.Release|Any CPU.Build.0 = Release|Any CPU
		{07D98136-138D-4915-A22E-317B53C60213}.Release|x64.ActiveCfg = Release|Any CPU
		{07D98136-138D-4915-A22E-317B53C60213}.Release|x64.Build.0 = Release|Any CPU
		{07D98136-138D-4915-A22E-317B53C60213}.Release|x86.ActiveCfg = Release|Any CPU
		{07D98136-138D-4915-A22E-317B53C60213}.Release|x86.Build.0 = Release|Any CPU
		{34CB4C9C-369B-4E49-8894-17A0E56D87F9}.Debug|Any CPU.ActiveCfg = Debug|Any CPU
		{34CB4C9C-369B-4E49-8894-17A0E56D87F9}.Debug|Any CPU.Build.0 = Debug|Any CPU
		{34CB4C9C-369B-4E49-8894-17A0E56D87F9}.Debug|x64.ActiveCfg = Debug|Any CPU
		{34CB4C9C-369B-4E49-8894-17A0E56D87F9}.Debug|x64.Build.0 = Debug|Any CPU
		{34CB4C9C-369B-4E49-8894-17A0E56D87F9}.Debug|x86.ActiveCfg = Debug|Any CPU
		{34CB4C9C-369B-4E49-8894-17A0E56D87F9}.Debug|x86.Build.0 = Debug|Any CPU
		{34CB4C9C-369B-4E49-8894-17A0E56D87F9}.Release|Any CPU.ActiveCfg = Release|Any CPU
		{34CB4C9C-369B-4E49-8894-17A0E56D87F9}.Release|Any CPU.Build.0 = Release|Any CPU
		{34CB4C9C-369B-4E49-8894-17A0E56D87F9}.Release|x64.ActiveCfg = Release|Any CPU
		{34CB4C9C-369B-4E49-8894-17A0E56D87F9}.Release|x64.Build.0 = Release|Any CPU
		{34CB4C9C-369B-4E49-8894-17A0E56D87F9}.Release|x86.ActiveCfg = Release|Any CPU
		{34CB4C9C-369B-4E49-8894-17A0E56D87F9}.Release|x86.Build.0 = Release|Any CPU
		{79A398E0-F6D8-42F8-9944-7139BAE3F761}.Debug|Any CPU.ActiveCfg = Debug|Any CPU
		{79A398E0-F6D8-42F8-9944-7139BAE3F761}.Debug|Any CPU.Build.0 = Debug|Any CPU
		{79A398E0-F6D8-42F8-9944-7139BAE3F761}.Debug|x64.ActiveCfg = Debug|Any CPU
		{79A398E0-F6D8-42F8-9944-7139BAE3F761}.Debug|x64.Build.0 = Debug|Any CPU
		{79A398E0-F6D8-42F8-9944-7139BAE3F761}.Debug|x86.ActiveCfg = Debug|Any CPU
		{79A398E0-F6D8-42F8-9944-7139BAE3F761}.Debug|x86.Build.0 = Debug|Any CPU
		{79A398E0-F6D8-42F8-9944-7139BAE3F761}.Release|Any CPU.ActiveCfg = Release|Any CPU
		{79A398E0-F6D8-42F8-9944-7139BAE3F761}.Release|Any CPU.Build.0 = Release|Any CPU
		{79A398E0-F6D8-42F8-9944-7139BAE3F761}.Release|x64.ActiveCfg = Release|Any CPU
		{79A398E0-F6D8-42F8-9944-7139BAE3F761}.Release|x64.Build.0 = Release|Any CPU
		{79A398E0-F6D8-42F8-9944-7139BAE3F761}.Release|x86.ActiveCfg = Release|Any CPU
		{79A398E0-F6D8-42F8-9944-7139BAE3F761}.Release|x86.Build.0 = Release|Any CPU
		{2D4DD4AF-4EB3-417D-95A9-065D0E274BC5}.Debug|Any CPU.ActiveCfg = Debug|Any CPU
		{2D4DD4AF-4EB3-417D-95A9-065D0E274BC5}.Debug|Any CPU.Build.0 = Debug|Any CPU
		{2D4DD4AF-4EB3-417D-95A9-065D0E274BC5}.Debug|x64.ActiveCfg = Debug|Any CPU
		{2D4DD4AF-4EB3-417D-95A9-065D0E274BC5}.Debug|x64.Build.0 = Debug|Any CPU
		{2D4DD4AF-4EB3-417D-95A9-065D0E274BC5}.Debug|x86.ActiveCfg = Debug|Any CPU
		{2D4DD4AF-4EB3-417D-95A9-065D0E274BC5}.Debug|x86.Build.0 = Debug|Any CPU
		{2D4DD4AF-4EB3-417D-95A9-065D0E274BC5}.Release|Any CPU.ActiveCfg = Release|Any CPU
		{2D4DD4AF-4EB3-417D-95A9-065D0E274BC5}.Release|Any CPU.Build.0 = Release|Any CPU
		{2D4DD4AF-4EB3-417D-95A9-065D0E274BC5}.Release|x64.ActiveCfg = Release|Any CPU
		{2D4DD4AF-4EB3-417D-95A9-065D0E274BC5}.Release|x64.Build.0 = Release|Any CPU
		{2D4DD4AF-4EB3-417D-95A9-065D0E274BC5}.Release|x86.ActiveCfg = Release|Any CPU
		{2D4DD4AF-4EB3-417D-95A9-065D0E274BC5}.Release|x86.Build.0 = Release|Any CPU
		{1C0A11EF-9328-4125-8371-22F31162FE23}.Debug|Any CPU.ActiveCfg = Debug|Any CPU
		{1C0A11EF-9328-4125-8371-22F31162FE23}.Debug|Any CPU.Build.0 = Debug|Any CPU
		{1C0A11EF-9328-4125-8371-22F31162FE23}.Debug|x64.ActiveCfg = Debug|Any CPU
		{1C0A11EF-9328-4125-8371-22F31162FE23}.Debug|x64.Build.0 = Debug|Any CPU
		{1C0A11EF-9328-4125-8371-22F31162FE23}.Debug|x86.ActiveCfg = Debug|Any CPU
		{1C0A11EF-9328-4125-8371-22F31162FE23}.Debug|x86.Build.0 = Debug|Any CPU
		{1C0A11EF-9328-4125-8371-22F31162FE23}.Release|Any CPU.ActiveCfg = Release|Any CPU
		{1C0A11EF-9328-4125-8371-22F31162FE23}.Release|Any CPU.Build.0 = Release|Any CPU
		{1C0A11EF-9328-4125-8371-22F31162FE23}.Release|x64.ActiveCfg = Release|Any CPU
		{1C0A11EF-9328-4125-8371-22F31162FE23}.Release|x64.Build.0 = Release|Any CPU
		{1C0A11EF-9328-4125-8371-22F31162FE23}.Release|x86.ActiveCfg = Release|Any CPU
		{1C0A11EF-9328-4125-8371-22F31162FE23}.Release|x86.Build.0 = Release|Any CPU
		{B3BF0D8B-BE4F-41A7-8A3A-DEA8467C956A}.Debug|Any CPU.ActiveCfg = Debug|Any CPU
		{B3BF0D8B-BE4F-41A7-8A3A-DEA8467C956A}.Debug|Any CPU.Build.0 = Debug|Any CPU
		{B3BF0D8B-BE4F-41A7-8A3A-DEA8467C956A}.Debug|x64.ActiveCfg = Debug|Any CPU
		{B3BF0D8B-BE4F-41A7-8A3A-DEA8467C956A}.Debug|x64.Build.0 = Debug|Any CPU
		{B3BF0D8B-BE4F-41A7-8A3A-DEA8467C956A}.Debug|x86.ActiveCfg = Debug|Any CPU
		{B3BF0D8B-BE4F-41A7-8A3A-DEA8467C956A}.Debug|x86.Build.0 = Debug|Any CPU
		{B3BF0D8B-BE4F-41A7-8A3A-DEA8467C956A}.Release|Any CPU.ActiveCfg = Release|Any CPU
		{B3BF0D8B-BE4F-41A7-8A3A-DEA8467C956A}.Release|Any CPU.Build.0 = Release|Any CPU
		{B3BF0D8B-BE4F-41A7-8A3A-DEA8467C956A}.Release|x64.ActiveCfg = Release|Any CPU
		{B3BF0D8B-BE4F-41A7-8A3A-DEA8467C956A}.Release|x64.Build.0 = Release|Any CPU
		{B3BF0D8B-BE4F-41A7-8A3A-DEA8467C956A}.Release|x86.ActiveCfg = Release|Any CPU
		{B3BF0D8B-BE4F-41A7-8A3A-DEA8467C956A}.Release|x86.Build.0 = Release|Any CPU
	EndGlobalSection
	GlobalSection(SolutionProperties) = preSolution
		HideSolutionNode = FALSE
	EndGlobalSection
	GlobalSection(NestedProjects) = preSolution
		{B742626A-5EAE-48EA-816B-DF7B5A6AC14D} = {827E0CD3-B72D-47B6-A68D-7590B98EB39B}
		{8B617F66-566C-4F86-9ACE-0C0316D4E05D} = {827E0CD3-B72D-47B6-A68D-7590B98EB39B}
		{07D98136-138D-4915-A22E-317B53C60213} = {827E0CD3-B72D-47B6-A68D-7590B98EB39B}
		{34CB4C9C-369B-4E49-8894-17A0E56D87F9} = {827E0CD3-B72D-47B6-A68D-7590B98EB39B}
		{79A398E0-F6D8-42F8-9944-7139BAE3F761} = {02EA681E-C7D8-13C7-8484-4AC65E1B71E8}
		{BFF2DF6E-AA54-47C7-211F-79ACCBB4577C} = {827E0CD3-B72D-47B6-A68D-7590B98EB39B}
		{2D4DD4AF-4EB3-417D-95A9-065D0E274BC5} = {BFF2DF6E-AA54-47C7-211F-79ACCBB4577C}
		{1C0A11EF-9328-4125-8371-22F31162FE23} = {02EA681E-C7D8-13C7-8484-4AC65E1B71E8}
		{B3BF0D8B-BE4F-41A7-8A3A-DEA8467C956A} = {02EA681E-C7D8-13C7-8484-4AC65E1B71E8}
	EndGlobalSection
	GlobalSection(ExtensibilityGlobals) = postSolution
		SolutionGuid = {E5339EF4-0E2E-496A-9371-F52C56CF3F1D}
	EndGlobalSection
EndGlobal
